// !$*UTF8*$!
{
	archiveVersion = 1;
	classes = {
	};
	objectVersion = 46;
	objects = {

/* Begin PBXBuildFile section */
		7E49B7781A97084500A0AEF8 /* AppDelegate.swift in Sources */ = {isa = PBXBuildFile; fileRef = 7E49B7771A97084500A0AEF8 /* AppDelegate.swift */; };
		7E49B77A1A97084500A0AEF8 /* ViewController.swift in Sources */ = {isa = PBXBuildFile; fileRef = 7E49B7791A97084500A0AEF8 /* ViewController.swift */; };
		7E49B77D1A97084600A0AEF8 /* Main.storyboard in Resources */ = {isa = PBXBuildFile; fileRef = 7E49B77B1A97084600A0AEF8 /* Main.storyboard */; };
		7E49B77F1A97084600A0AEF8 /* Images.xcassets in Resources */ = {isa = PBXBuildFile; fileRef = 7E49B77E1A97084600A0AEF8 /* Images.xcassets */; };
		7E49B7821A97084600A0AEF8 /* LaunchScreen.xib in Resources */ = {isa = PBXBuildFile; fileRef = 7E49B7801A97084600A0AEF8 /* LaunchScreen.xib */; };
		7E49B78E1A97084600A0AEF8 /* ProvaCNSSwiftSQLiteTests.swift in Sources */ = {isa = PBXBuildFile; fileRef = 7E49B78D1A97084600A0AEF8 /* ProvaCNSSwiftSQLiteTests.swift */; };
		7E49B7A31A97085400A0AEF8 /* FMDatabase.m in Sources */ = {isa = PBXBuildFile; fileRef = 7E49B7991A97085400A0AEF8 /* FMDatabase.m */; };
		7E49B7A41A97085400A0AEF8 /* FMDatabaseAdditions.m in Sources */ = {isa = PBXBuildFile; fileRef = 7E49B79B1A97085400A0AEF8 /* FMDatabaseAdditions.m */; };
		7E49B7A51A97085400A0AEF8 /* FMDatabasePool.m in Sources */ = {isa = PBXBuildFile; fileRef = 7E49B79D1A97085400A0AEF8 /* FMDatabasePool.m */; };
		7E49B7A61A97085400A0AEF8 /* FMDatabaseQueue.m in Sources */ = {isa = PBXBuildFile; fileRef = 7E49B79F1A97085400A0AEF8 /* FMDatabaseQueue.m */; };
		7E49B7A71A97085400A0AEF8 /* FMResultSet.m in Sources */ = {isa = PBXBuildFile; fileRef = 7E49B7A21A97085400A0AEF8 /* FMResultSet.m */; };
		7E49B7A91A97086F00A0AEF8 /* libsqlite3.dylib in Frameworks */ = {isa = PBXBuildFile; fileRef = 7E49B7A81A97086F00A0AEF8 /* libsqlite3.dylib */; };
/* End PBXBuildFile section */

/* Begin PBXContainerItemProxy section */
		7E49B7881A97084600A0AEF8 /* PBXContainerItemProxy */ = {
			isa = PBXContainerItemProxy;
			containerPortal = 7E49B76A1A97084500A0AEF8 /* Project object */;
			proxyType = 1;
			remoteGlobalIDString = 7E49B7711A97084500A0AEF8;
			remoteInfo = ProvaCNSSwiftSQLite;
		};
/* End PBXContainerItemProxy section */

/* Begin PBXFileReference section */
		7E49B7721A97084500A0AEF8 /* ProvaCNSSwiftSQLite.app */ = {isa = PBXFileReference; explicitFileType = wrapper.application; includeInIndex = 0; path = ProvaCNSSwiftSQLite.app; sourceTree = BUILT_PRODUCTS_DIR; };
		7E49B7761A97084500A0AEF8 /* Info.plist */ = {isa = PBXFileReference; lastKnownFileType = text.plist.xml; path = Info.plist; sourceTree = "<group>"; };
		7E49B7771A97084500A0AEF8 /* AppDelegate.swift */ = {isa = PBXFileReference; lastKnownFileType = sourcecode.swift; path = AppDelegate.swift; sourceTree = "<group>"; };
		7E49B7791A97084500A0AEF8 /* ViewController.swift */ = {isa = PBXFileReference; lastKnownFileType = sourcecode.swift; path = ViewController.swift; sourceTree = "<group>"; };
		7E49B77C1A97084600A0AEF8 /* Base */ = {isa = PBXFileReference; lastKnownFileType = file.storyboard; name = Base; path = Base.lproj/Main.storyboard; sourceTree = "<group>"; };
		7E49B77E1A97084600A0AEF8 /* Images.xcassets */ = {isa = PBXFileReference; lastKnownFileType = folder.assetcatalog; path = Images.xcassets; sourceTree = "<group>"; };
		7E49B7811A97084600A0AEF8 /* Base */ = {isa = PBXFileReference; lastKnownFileType = file.xib; name = Base; path = Base.lproj/LaunchScreen.xib; sourceTree = "<group>"; };
		7E49B7871A97084600A0AEF8 /* ProvaCNSSwiftSQLiteTests.xctest */ = {isa = PBXFileReference; explicitFileType = wrapper.cfbundle; includeInIndex = 0; path = ProvaCNSSwiftSQLiteTests.xctest; sourceTree = BUILT_PRODUCTS_DIR; };
		7E49B78C1A97084600A0AEF8 /* Info.plist */ = {isa = PBXFileReference; lastKnownFileType = text.plist.xml; path = Info.plist; sourceTree = "<group>"; };
		7E49B78D1A97084600A0AEF8 /* ProvaCNSSwiftSQLiteTests.swift */ = {isa = PBXFileReference; lastKnownFileType = sourcecode.swift; path = ProvaCNSSwiftSQLiteTests.swift; sourceTree = "<group>"; };
		7E49B7971A97085400A0AEF8 /* ProvaCNSSwiftSQLite-Bridging-Header.h */ = {isa = PBXFileReference; lastKnownFileType = sourcecode.c.h; path = "ProvaCNSSwiftSQLite-Bridging-Header.h"; sourceTree = "<group>"; };
		7E49B7981A97085400A0AEF8 /* FMDatabase.h */ = {isa = PBXFileReference; fileEncoding = 4; lastKnownFileType = sourcecode.c.h; path = FMDatabase.h; sourceTree = "<group>"; };
		7E49B7991A97085400A0AEF8 /* FMDatabase.m */ = {isa = PBXFileReference; fileEncoding = 4; lastKnownFileType = sourcecode.c.objc; path = FMDatabase.m; sourceTree = "<group>"; };
		7E49B79A1A97085400A0AEF8 /* FMDatabaseAdditions.h */ = {isa = PBXFileReference; fileEncoding = 4; lastKnownFileType = sourcecode.c.h; path = FMDatabaseAdditions.h; sourceTree = "<group>"; };
		7E49B79B1A97085400A0AEF8 /* FMDatabaseAdditions.m */ = {isa = PBXFileReference; fileEncoding = 4; lastKnownFileType = sourcecode.c.objc; path = FMDatabaseAdditions.m; sourceTree = "<group>"; };
		7E49B79C1A97085400A0AEF8 /* FMDatabasePool.h */ = {isa = PBXFileReference; fileEncoding = 4; lastKnownFileType = sourcecode.c.h; path = FMDatabasePool.h; sourceTree = "<group>"; };
		7E49B79D1A97085400A0AEF8 /* FMDatabasePool.m */ = {isa = PBXFileReference; fileEncoding = 4; lastKnownFileType = sourcecode.c.objc; path = FMDatabasePool.m; sourceTree = "<group>"; };
		7E49B79E1A97085400A0AEF8 /* FMDatabaseQueue.h */ = {isa = PBXFileReference; fileEncoding = 4; lastKnownFileType = sourcecode.c.h; path = FMDatabaseQueue.h; sourceTree = "<group>"; };
		7E49B79F1A97085400A0AEF8 /* FMDatabaseQueue.m */ = {isa = PBXFileReference; fileEncoding = 4; lastKnownFileType = sourcecode.c.objc; path = FMDatabaseQueue.m; sourceTree = "<group>"; };
		7E49B7A01A97085400A0AEF8 /* FMDB.h */ = {isa = PBXFileReference; fileEncoding = 4; lastKnownFileType = sourcecode.c.h; path = FMDB.h; sourceTree = "<group>"; };
		7E49B7A11A97085400A0AEF8 /* FMResultSet.h */ = {isa = PBXFileReference; fileEncoding = 4; lastKnownFileType = sourcecode.c.h; path = FMResultSet.h; sourceTree = "<group>"; };
		7E49B7A21A97085400A0AEF8 /* FMResultSet.m */ = {isa = PBXFileReference; fileEncoding = 4; lastKnownFileType = sourcecode.c.objc; path = FMResultSet.m; sourceTree = "<group>"; };
		7E49B7A81A97086F00A0AEF8 /* libsqlite3.dylib */ = {isa = PBXFileReference; lastKnownFileType = "compiled.mach-o.dylib"; name = libsqlite3.dylib; path = usr/lib/libsqlite3.dylib; sourceTree = SDKROOT; };
/* End PBXFileReference section */

/* Begin PBXFrameworksBuildPhase section */
		7E49B76F1A97084500A0AEF8 /* Frameworks */ = {
			isa = PBXFrameworksBuildPhase;
			buildActionMask = 2147483647;
			files = (
				7E49B7A91A97086F00A0AEF8 /* libsqlite3.dylib in Frameworks */,
			);
			runOnlyForDeploymentPostprocessing = 0;
		};
		7E49B7841A97084600A0AEF8 /* Frameworks */ = {
			isa = PBXFrameworksBuildPhase;
			buildActionMask = 2147483647;
			files = (
			);
			runOnlyForDeploymentPostprocessing = 0;
		};
/* End PBXFrameworksBuildPhase section */

/* Begin PBXGroup section */
		7E49B7691A97084500A0AEF8 = {
			isa = PBXGroup;
			children = (
				7E49B7A81A97086F00A0AEF8 /* libsqlite3.dylib */,
				7E49B7741A97084500A0AEF8 /* ProvaCNSSwiftSQLite */,
				7E49B78A1A97084600A0AEF8 /* ProvaCNSSwiftSQLiteTests */,
				7E49B7731A97084500A0AEF8 /* Products */,
			);
			sourceTree = "<group>";
		};
		7E49B7731A97084500A0AEF8 /* Products */ = {
			isa = PBXGroup;
			children = (
				7E49B7721A97084500A0AEF8 /* ProvaCNSSwiftSQLite.app */,
				7E49B7871A97084600A0AEF8 /* ProvaCNSSwiftSQLiteTests.xctest */,
			);
			name = Products;
			sourceTree = "<group>";
		};
		7E49B7741A97084500A0AEF8 /* ProvaCNSSwiftSQLite */ = {
			isa = PBXGroup;
			children = (
				7E49B7981A97085400A0AEF8 /* FMDatabase.h */,
				7E49B7991A97085400A0AEF8 /* FMDatabase.m */,
				7E49B79A1A97085400A0AEF8 /* FMDatabaseAdditions.h */,
				7E49B79B1A97085400A0AEF8 /* FMDatabaseAdditions.m */,
				7E49B79C1A97085400A0AEF8 /* FMDatabasePool.h */,
				7E49B79D1A97085400A0AEF8 /* FMDatabasePool.m */,
				7E49B79E1A97085400A0AEF8 /* FMDatabaseQueue.h */,
				7E49B79F1A97085400A0AEF8 /* FMDatabaseQueue.m */,
				7E49B7A01A97085400A0AEF8 /* FMDB.h */,
				7E49B7A11A97085400A0AEF8 /* FMResultSet.h */,
				7E49B7A21A97085400A0AEF8 /* FMResultSet.m */,
				7E49B7771A97084500A0AEF8 /* AppDelegate.swift */,
				7E49B7791A97084500A0AEF8 /* ViewController.swift */,
				7E49B77B1A97084600A0AEF8 /* Main.storyboard */,
				7E49B77E1A97084600A0AEF8 /* Images.xcassets */,
				7E49B7801A97084600A0AEF8 /* LaunchScreen.xib */,
				7E49B7751A97084500A0AEF8 /* Supporting Files */,
				7E49B7971A97085400A0AEF8 /* ProvaCNSSwiftSQLite-Bridging-Header.h */,
			);
			path = ProvaCNSSwiftSQLite;
			sourceTree = "<group>";
		};
		7E49B7751A97084500A0AEF8 /* Supporting Files */ = {
			isa = PBXGroup;
			children = (
				7E49B7761A97084500A0AEF8 /* Info.plist */,
			);
			name = "Supporting Files";
			sourceTree = "<group>";
		};
		7E49B78A1A97084600A0AEF8 /* ProvaCNSSwiftSQLiteTests */ = {
			isa = PBXGroup;
			children = (
				7E49B78D1A97084600A0AEF8 /* ProvaCNSSwiftSQLiteTests.swift */,
				7E49B78B1A97084600A0AEF8 /* Supporting Files */,
			);
			path = ProvaCNSSwiftSQLiteTests;
			sourceTree = "<group>";
		};
		7E49B78B1A97084600A0AEF8 /* Supporting Files */ = {
			isa = PBXGroup;
			children = (
				7E49B78C1A97084600A0AEF8 /* Info.plist */,
			);
			name = "Supporting Files";
			sourceTree = "<group>";
		};
/* End PBXGroup section */

/* Begin PBXNativeTarget section */
		7E49B7711A97084500A0AEF8 /* ProvaCNSSwiftSQLite */ = {
			isa = PBXNativeTarget;
			buildConfigurationList = 7E49B7911A97084600A0AEF8 /* Build configuration list for PBXNativeTarget "ProvaCNSSwiftSQLite" */;
			buildPhases = (
				7E49B76E1A97084500A0AEF8 /* Sources */,
				7E49B76F1A97084500A0AEF8 /* Frameworks */,
				7E49B7701A97084500A0AEF8 /* Resources */,
			);
			buildRules = (
			);
			dependencies = (
			);
			name = ProvaCNSSwiftSQLite;
			productName = ProvaCNSSwiftSQLite;
			productReference = 7E49B7721A97084500A0AEF8 /* ProvaCNSSwiftSQLite.app */;
			productType = "com.apple.product-type.application";
		};
		7E49B7861A97084600A0AEF8 /* ProvaCNSSwiftSQLiteTests */ = {
			isa = PBXNativeTarget;
			buildConfigurationList = 7E49B7941A97084600A0AEF8 /* Build configuration list for PBXNativeTarget "ProvaCNSSwiftSQLiteTests" */;
			buildPhases = (
				7E49B7831A97084600A0AEF8 /* Sources */,
				7E49B7841A97084600A0AEF8 /* Frameworks */,
				7E49B7851A97084600A0AEF8 /* Resources */,
			);
			buildRules = (
			);
			dependencies = (
				7E49B7891A97084600A0AEF8 /* PBXTargetDependency */,
			);
			name = ProvaCNSSwiftSQLiteTests;
			productName = ProvaCNSSwiftSQLiteTests;
			productReference = 7E49B7871A97084600A0AEF8 /* ProvaCNSSwiftSQLiteTests.xctest */;
			productType = "com.apple.product-type.bundle.unit-test";
		};
/* End PBXNativeTarget section */

/* Begin PBXProject section */
		7E49B76A1A97084500A0AEF8 /* Project object */ = {
			isa = PBXProject;
			attributes = {
				LastUpgradeCheck = 0610;
				ORGANIZATIONNAME = "Alessandro Calciati";
				TargetAttributes = {
					7E49B7711A97084500A0AEF8 = {
						CreatedOnToolsVersion = 6.1.1;
					};
					7E49B7861A97084600A0AEF8 = {
						CreatedOnToolsVersion = 6.1.1;
						TestTargetID = 7E49B7711A97084500A0AEF8;
					};
				};
			};
			buildConfigurationList = 7E49B76D1A97084500A0AEF8 /* Build configuration list for PBXProject "ProvaCNSSwiftSQLite" */;
			compatibilityVersion = "Xcode 3.2";
			developmentRegion = English;
			hasScannedForEncodings = 0;
			knownRegions = (
				en,
				Base,
			);
			mainGroup = 7E49B7691A97084500A0AEF8;
			productRefGroup = 7E49B7731A97084500A0AEF8 /* Products */;
			projectDirPath = "";
			projectRoot = "";
			targets = (
				7E49B7711A97084500A0AEF8 /* ProvaCNSSwiftSQLite */,
				7E49B7861A97084600A0AEF8 /* ProvaCNSSwiftSQLiteTests */,
			);
		};
/* End PBXProject section */

/* Begin PBXResourcesBuildPhase section */
		7E49B7701A97084500A0AEF8 /* Resources */ = {
			isa = PBXResourcesBuildPhase;
			buildActionMask = 2147483647;
			files = (
				7E49B77D1A97084600A0AEF8 /* Main.storyboard in Resources */,
				7E49B7821A97084600A0AEF8 /* LaunchScreen.xib in Resources */,
				7E49B77F1A97084600A0AEF8 /* Images.xcassets in Resources */,
			);
			runOnlyForDeploymentPostprocessing = 0;
		};
		7E49B7851A97084600A0AEF8 /* Resources */ = {
			isa = PBXResourcesBuildPhase;
			buildActionMask = 2147483647;
			files = (
			);
			runOnlyForDeploymentPostprocessing = 0;
		};
/* End PBXResourcesBuildPhase section */

/* Begin PBXSourcesBuildPhase section */
		7E49B76E1A97084500A0AEF8 /* Sources */ = {
			isa = PBXSourcesBuildPhase;
			buildActionMask = 2147483647;
			files = (
				7E49B7A31A97085400A0AEF8 /* FMDatabase.m in Sources */,
				7E49B77A1A97084500A0AEF8 /* ViewController.swift in Sources */,
				7E49B7A71A97085400A0AEF8 /* FMResultSet.m in Sources */,
				7E49B7A51A97085400A0AEF8 /* FMDatabasePool.m in Sources */,
				7E49B7781A97084500A0AEF8 /* AppDelegate.swift in Sources */,
				7E49B7A41A97085400A0AEF8 /* FMDatabaseAdditions.m in Sources */,
				7E49B7A61A97085400A0AEF8 /* FMDatabaseQueue.m in Sources */,
			);
			runOnlyForDeploymentPostprocessing = 0;
		};
		7E49B7831A97084600A0AEF8 /* Sources */ = {
			isa = PBXSourcesBuildPhase;
			buildActionMask = 2147483647;
			files = (
				7E49B78E1A97084600A0AEF8 /* ProvaCNSSwiftSQLiteTests.swift in Sources */,
			);
			runOnlyForDeploymentPostprocessing = 0;
		};
/* End PBXSourcesBuildPhase section */

/* Begin PBXTargetDependency section */
		7E49B7891A97084600A0AEF8 /* PBXTargetDependency */ = {
			isa = PBXTargetDependency;
			target = 7E49B7711A97084500A0AEF8 /* ProvaCNSSwiftSQLite */;
			targetProxy = 7E49B7881A97084600A0AEF8 /* PBXContainerItemProxy */;
		};
/* End PBXTargetDependency section */

/* Begin PBXVariantGroup section */
		7E49B77B1A97084600A0AEF8 /* Main.storyboard */ = {
			isa = PBXVariantGroup;
			children = (
				7E49B77C1A97084600A0AEF8 /* Base */,
			);
			name = Main.storyboard;
			sourceTree = "<group>";
		};
		7E49B7801A97084600A0AEF8 /* LaunchScreen.xib */ = {
			isa = PBXVariantGroup;
			children = (
				7E49B7811A97084600A0AEF8 /* Base */,
			);
			name = LaunchScreen.xib;
			sourceTree = "<group>";
		};
/* End PBXVariantGroup section */

/* Begin XCBuildConfiguration section */
		7E49B78F1A97084600A0AEF8 /* Debug */ = {
			isa = XCBuildConfiguration;
			buildSettings = {
				ALWAYS_SEARCH_USER_PATHS = NO;
				CLANG_CXX_LANGUAGE_STANDARD = "gnu++0x";
				CLANG_CXX_LIBRARY = "libc++";
				CLANG_ENABLE_MODULES = YES;
				CLANG_ENABLE_OBJC_ARC = YES;
				CLANG_WARN_BOOL_CONVERSION = YES;
				CLANG_WARN_CONSTANT_CONVERSION = YES;
				CLANG_WARN_DIRECT_OBJC_ISA_USAGE = YES_ERROR;
				CLANG_WARN_EMPTY_BODY = YES;
				CLANG_WARN_ENUM_CONVERSION = YES;
				CLANG_WARN_INT_CONVERSION = YES;
				CLANG_WARN_OBJC_ROOT_CLASS = YES_ERROR;
				CLANG_WARN_UNREACHABLE_CODE = YES;
				CLANG_WARN__DUPLICATE_METHOD_MATCH = YES;
				"CODE_SIGN_IDENTITY[sdk=iphoneos*]" = "iPhone Developer";
				COPY_PHASE_STRIP = NO;
				ENABLE_STRICT_OBJC_MSGSEND = YES;
				GCC_C_LANGUAGE_STANDARD = gnu99;
				GCC_DYNAMIC_NO_PIC = NO;
				GCC_OPTIMIZATION_LEVEL = 0;
				GCC_PREPROCESSOR_DEFINITIONS = (
					"DEBUG=1",
					"$(inherited)",
				);
				GCC_SYMBOLS_PRIVATE_EXTERN = NO;
				GCC_WARN_64_TO_32_BIT_CONVERSION = YES;
				GCC_WARN_ABOUT_RETURN_TYPE = YES_ERROR;
				GCC_WARN_UNDECLARED_SELECTOR = YES;
				GCC_WARN_UNINITIALIZED_AUTOS = YES_AGGRESSIVE;
				GCC_WARN_UNUSED_FUNCTION = YES;
				GCC_WARN_UNUSED_VARIABLE = YES;
				IPHONEOS_DEPLOYMENT_TARGET = 8.1;
				MTL_ENABLE_DEBUG_INFO = YES;
				ONLY_ACTIVE_ARCH = YES;
				SDKROOT = iphoneos;
				SWIFT_OPTIMIZATION_LEVEL = "-Onone";
				TARGETED_DEVICE_FAMILY = "1,2";
			};
			name = Debug;
		};
		7E49B7901A97084600A0AEF8 /* Release */ = {
			isa = XCBuildConfiguration;
			buildSettings = {
				ALWAYS_SEARCH_USER_PATHS = NO;
				CLANG_CXX_LANGUAGE_STANDARD = "gnu++0x";
				CLANG_CXX_LIBRARY = "libc++";
				CLANG_ENABLE_MODULES = YES;
				CLANG_ENABLE_OBJC_ARC = YES;
				CLANG_WARN_BOOL_CONVERSION = YES;
				CLANG_WARN_CONSTANT_CONVERSION = YES;
				CLANG_WARN_DIRECT_OBJC_ISA_USAGE = YES_ERROR;
				CLANG_WARN_EMPTY_BODY = YES;
				CLANG_WARN_ENUM_CONVERSION = YES;
				CLANG_WARN_INT_CONVERSION = YES;
				CLANG_WARN_OBJC_ROOT_CLASS = YES_ERROR;
				CLANG_WARN_UNREACHABLE_CODE = YES;
				CLANG_WARN__DUPLICATE_METHOD_MATCH = YES;
				"CODE_SIGN_IDENTITY[sdk=iphoneos*]" = "iPhone Developer";
				COPY_PHASE_STRIP = YES;
				ENABLE_NS_ASSERTIONS = NO;
				ENABLE_STRICT_OBJC_MSGSEND = YES;
				GCC_C_LANGUAGE_STANDARD = gnu99;
				GCC_WARN_64_TO_32_BIT_CONVERSION = YES;
				GCC_WARN_ABOUT_RETURN_TYPE = YES_ERROR;
				GCC_WARN_UNDECLARED_SELECTOR = YES;
				GCC_WARN_UNINITIALIZED_AUTOS = YES_AGGRESSIVE;
				GCC_WARN_UNUSED_FUNCTION = YES;
				GCC_WARN_UNUSED_VARIABLE = YES;
				IPHONEOS_DEPLOYMENT_TARGET = 8.1;
				MTL_ENABLE_DEBUG_INFO = NO;
				SDKROOT = iphoneos;
				TARGETED_DEVICE_FAMILY = "1,2";
				VALIDATE_PRODUCT = YES;
			};
			name = Release;
		};
		7E49B7921A97084600A0AEF8 /* Debug */ = {
			isa = XCBuildConfiguration;
			buildSettings = {
				ASSETCATALOG_COMPILER_APPICON_NAME = AppIcon;
				CLANG_ENABLE_MODULES = YES;
				INFOPLIST_FILE = ProvaCNSSwiftSQLite/Info.plist;
				LD_RUNPATH_SEARCH_PATHS = "$(inherited) @executable_path/Frameworks";
				PRODUCT_NAME = "$(TARGET_NAME)";
				SWIFT_OBJC_BRIDGING_HEADER = "ProvaCNSSwiftSQLite/ProvaCNSSwiftSQLite-Bridging-Header.h";
				SWIFT_OPTIMIZATION_LEVEL = "-Onone";
			};
			name = Debug;
		};
		7E49B7931A97084600A0AEF8 /* Release */ = {
			isa = XCBuildConfiguration;
			buildSettings = {
				ASSETCATALOG_COMPILER_APPICON_NAME = AppIcon;
				CLANG_ENABLE_MODULES = YES;
				INFOPLIST_FILE = ProvaCNSSwiftSQLite/Info.plist;
				LD_RUNPATH_SEARCH_PATHS = "$(inherited) @executable_path/Frameworks";
				PRODUCT_NAME = "$(TARGET_NAME)";
				SWIFT_OBJC_BRIDGING_HEADER = "ProvaCNSSwiftSQLite/ProvaCNSSwiftSQLite-Bridging-Header.h";
			};
			name = Release;
		};
		7E49B7951A97084600A0AEF8 /* Debug */ = {
			isa = XCBuildConfiguration;
			buildSettings = {
				BUNDLE_LOADER = "$(TEST_HOST)";
				FRAMEWORK_SEARCH_PATHS = (
					"$(SDKROOT)/Developer/Library/Frameworks",
					"$(inherited)",
				);
				GCC_PREPROCESSOR_DEFINITIONS = (
					"DEBUG=1",
					"$(inherited)",
				);
				INFOPLIST_FILE = ProvaCNSSwiftSQLiteTests/Info.plist;
				LD_RUNPATH_SEARCH_PATHS = "$(inherited) @executable_path/Frameworks @loader_path/Frameworks";
				PRODUCT_NAME = "$(TARGET_NAME)";
				TEST_HOST = "$(BUILT_PRODUCTS_DIR)/ProvaCNSSwiftSQLite.app/ProvaCNSSwiftSQLite";
			};
			name = Debug;
		};
		7E49B7961A97084600A0AEF8 /* Release */ = {
			isa = XCBuildConfiguration;
			buildSettings = {
				BUNDLE_LOADER = "$(TEST_HOST)";
				FRAMEWORK_SEARCH_PATHS = (
					"$(SDKROOT)/Developer/Library/Frameworks",
					"$(inherited)",
				);
				INFOPLIST_FILE = ProvaCNSSwiftSQLiteTests/Info.plist;
				LD_RUNPATH_SEARCH_PATHS = "$(inherited) @executable_path/Frameworks @loader_path/Frameworks";
				PRODUCT_NAME = "$(TARGET_NAME)";
				TEST_HOST = "$(BUILT_PRODUCTS_DIR)/ProvaCNSSwiftSQLite.app/ProvaCNSSwiftSQLite";
			};
			name = Release;
		};
/* End XCBuildConfiguration section */

/* Begin XCConfigurationList section */
		7E49B76D1A97084500A0AEF8 /* Build configuration list for PBXProject "ProvaCNSSwiftSQLite" */ = {
			isa = XCConfigurationList;
			buildConfigurations = (
				7E49B78F1A97084600A0AEF8 /* Debug */,
				7E49B7901A97084600A0AEF8 /* Release */,
			);
			defaultConfigurationIsVisible = 0;
			defaultConfigurationName = Release;
		};
		7E49B7911A97084600A0AEF8 /* Build configuration list for PBXNativeTarget "ProvaCNSSwiftSQLite" */ = {
			isa = XCConfigurationList;
			buildConfigurations = (
				7E49B7921A97084600A0AEF8 /* Debug */,
				7E49B7931A97084600A0AEF8 /* Release */,
			);
			defaultConfigurationIsVisible = 0;
		};
		7E49B7941A97084600A0AEF8 /* Build configuration list for PBXNativeTarget "ProvaCNSSwiftSQLiteTests" */ = {
			isa = XCConfigurationList;
			buildConfigurations = (
				7E49B7951A97084600A0AEF8 /* Debug */,
				7E49B7961A97084600A0AEF8 /* Release */,
			);
			defaultConfigurationIsVisible = 0;
		};
/* End XCConfigurationList section */
	};
	rootObject = 7E49B76A1A97084500A0AEF8 /* Project object */;
}
